
Microsoft Visual Studio Solution File, Format Version 12.00
# Visual Studio Version 16
VisualStudioVersion = 16.0.30907.101
MinimumVisualStudioVersion = 10.0.40219.1
Project("{FAE04EC0-301F-11D3-BF4B-00C04F79EFBC}") = "cch", "cch.csproj", "{793C2BB3-6DF9-4E20-A92E-BD2D84D97854}"
EndProject
Global
	GlobalSection(SolutionConfigurationPlatforms) = preSolution
		Debug|Any CPU = Debug|Any CPU
		Release|Any CPU = Release|Any CPU
	EndGlobalSection
	GlobalSection(ProjectConfigurationPlatforms) = postSolution
		{793C2BB3-6DF9-4E20-A92E-BD2D84D97854}.Debug|Any CPU.ActiveCfg = Debug|Any CPU
		{793C2BB3-6DF9-4E20-A92E-BD2D84D97854}.Debug|Any CPU.Build.0 = Debug|Any CPU
		{793C2BB3-6DF9-4E20-A92E-BD2D84D97854}.Release|Any CPU.ActiveCfg = Release|Any CPU
		{793C2BB3-6DF9-4E20-A92E-BD2D84D97854}.Release|Any CPU.Build.0 = Release|Any CPU
	EndGlobalSection
	GlobalSection(SolutionProperties) = preSolution
		HideSolutionNode = FALSE
	EndGlobalSection
	GlobalSection(ExtensibilityGlobals) = postSolution
		SolutionGuid = {51263A62-90AF-4E18-8EF6-19EE803100F8}
	EndGlobalSection
EndGlobal
